
Microsoft Visual Studio Solution File, Format Version 12.00
# Visual Studio Version 16
VisualStudioVersion = 16.0.30621.155
MinimumVisualStudioVersion = 10.0.40219.1
Project("{FAE04EC0-301F-11D3-BF4B-00C04F79EFBC}") = "responsivefight", "responsivefight.csproj", "{04BBF241-D0FD-48EA-8309-5D3E1A215C1E}"
EndProject
Project("{FAE04EC0-301F-11D3-BF4B-00C04F79EFBC}") = "RestAPIAuto", "..\RestAPIAuto\RestAPIAuto.csproj", "{0F1F504F-1B75-4BB3-982B-8168DBD01D5A}"
EndProject
Global
	GlobalSection(SolutionConfigurationPlatforms) = preSolution
		Debug|Any CPU = Debug|Any CPU
		Release|Any CPU = Release|Any CPU
	EndGlobalSection
	GlobalSection(ProjectConfigurationPlatforms) = postSolution
		{04BBF241-D0FD-48EA-8309-5D3E1A215C1E}.Debug|Any CPU.ActiveCfg = Debug|Any CPU
		{04BBF241-D0FD-48EA-8309-5D3E1A215C1E}.Debug|Any CPU.Build.0 = Debug|Any CPU
		{04BBF241-D0FD-48EA-8309-5D3E1A215C1E}.Release|Any CPU.ActiveCfg = Release|Any CPU
		{04BBF241-D0FD-48EA-8309-5D3E1A215C1E}.Release|Any CPU.Build.0 = Release|Any CPU
		{0F1F504F-1B75-4BB3-982B-8168DBD01D5A}.Debug|Any CPU.ActiveCfg = Debug|Any CPU
		{0F1F504F-1B75-4BB3-982B-8168DBD01D5A}.Debug|Any CPU.Build.0 = Debug|Any CPU
		{0F1F504F-1B75-4BB3-982B-8168DBD01D5A}.Release|Any CPU.ActiveCfg = Release|Any CPU
		{0F1F504F-1B75-4BB3-982B-8168DBD01D5A}.Release|Any CPU.Build.0 = Release|Any CPU
	EndGlobalSection
	GlobalSection(SolutionProperties) = preSolution
		HideSolutionNode = FALSE
	EndGlobalSection
	GlobalSection(ExtensibilityGlobals) = postSolution
		SolutionGuid = {8AB0B7A6-30F0-4D82-921D-3271AF522725}
	EndGlobalSection
EndGlobal
